
Microsoft Visual Studio Solution File, Format Version 12.00
# Visual Studio Version 16
VisualStudioVersion = 16.0.29006.145
MinimumVisualStudioVersion = 10.0.40219.1
Project("{9A19103F-16F7-4668-BE54-9A1E7A4F7556}") = "Propeus.Modulo.Modelos", "Propeus.Modulo.Modelos\Propeus.Modulo.Modelos.csproj", "{18AC9BAE-20E3-42E2-9C72-6B4D624A4A96}"
EndProject
Project("{9A19103F-16F7-4668-BE54-9A1E7A4F7556}") = "Propeus.Modulo.Modelos.Teste", "Propeus.Modulo.Modelos.Teste\Propeus.Modulo.Modelos.Teste.csproj", "{ACA48B9A-0134-434F-A145-544384A7243D}"
EndProject
Project("{9A19103F-16F7-4668-BE54-9A1E7A4F7556}") = "Propeus.Modulo.Modelos.Teste.Modulo", "Propeus.Modulo.Modelos.Teste.Modulo\Propeus.Modulo.Modelos.Teste.Modulo.csproj", "{A1BE9F39-3F50-44A3-8369-2CAAC7FC3E37}"
EndProject
Global
	GlobalSection(SolutionConfigurationPlatforms) = preSolution
		Debug|Any CPU = Debug|Any CPU
		Debug|x64 = Debug|x64
		Debug|x86 = Debug|x86
		Release|Any CPU = Release|Any CPU
		Release|x64 = Release|x64
		Release|x86 = Release|x86
	EndGlobalSection
	GlobalSection(ProjectConfigurationPlatforms) = postSolution
		{18AC9BAE-20E3-42E2-9C72-6B4D624A4A96}.Debug|Any CPU.ActiveCfg = Debug|Any CPU
		{18AC9BAE-20E3-42E2-9C72-6B4D624A4A96}.Debug|Any CPU.Build.0 = Debug|Any CPU
		{18AC9BAE-20E3-42E2-9C72-6B4D624A4A96}.Debug|x64.ActiveCfg = Debug|Any CPU
		{18AC9BAE-20E3-42E2-9C72-6B4D624A4A96}.Debug|x64.Build.0 = Debug|Any CPU
		{18AC9BAE-20E3-42E2-9C72-6B4D624A4A96}.Debug|x86.ActiveCfg = Debug|Any CPU
		{18AC9BAE-20E3-42E2-9C72-6B4D624A4A96}.Debug|x86.Build.0 = Debug|Any CPU
		{18AC9BAE-20E3-42E2-9C72-6B4D624A4A96}.Release|Any CPU.ActiveCfg = Release|Any CPU
		{18AC9BAE-20E3-42E2-9C72-6B4D624A4A96}.Release|Any CPU.Build.0 = Release|Any CPU
		{18AC9BAE-20E3-42E2-9C72-6B4D624A4A96}.Release|x64.ActiveCfg = Release|Any CPU
		{18AC9BAE-20E3-42E2-9C72-6B4D624A4A96}.Release|x64.Build.0 = Release|Any CPU
		{18AC9BAE-20E3-42E2-9C72-6B4D624A4A96}.Release|x86.ActiveCfg = Release|Any CPU
		{18AC9BAE-20E3-42E2-9C72-6B4D624A4A96}.Release|x86.Build.0 = Release|Any CPU
		{ACA48B9A-0134-434F-A145-544384A7243D}.Debug|Any CPU.ActiveCfg = Debug|Any CPU
		{ACA48B9A-0134-434F-A145-544384A7243D}.Debug|Any CPU.Build.0 = Debug|Any CPU
		{ACA48B9A-0134-434F-A145-544384A7243D}.Debug|x64.ActiveCfg = Debug|x64
		{ACA48B9A-0134-434F-A145-544384A7243D}.Debug|x64.Build.0 = Debug|x64
		{ACA48B9A-0134-434F-A145-544384A7243D}.Debug|x86.ActiveCfg = Debug|x86
		{ACA48B9A-0134-434F-A145-544384A7243D}.Debug|x86.Build.0 = Debug|x86
		{ACA48B9A-0134-434F-A145-544384A7243D}.Release|Any CPU.ActiveCfg = Release|Any CPU
		{ACA48B9A-0134-434F-A145-544384A7243D}.Release|Any CPU.Build.0 = Release|Any CPU
		{ACA48B9A-0134-434F-A145-544384A7243D}.Release|x64.ActiveCfg = Release|x64
		{ACA48B9A-0134-434F-A145-544384A7243D}.Release|x64.Build.0 = Release|x64
		{ACA48B9A-0134-434F-A145-544384A7243D}.Release|x86.ActiveCfg = Release|x86
		{ACA48B9A-0134-434F-A145-544384A7243D}.Release|x86.Build.0 = Release|x86
		{A1BE9F39-3F50-44A3-8369-2CAAC7FC3E37}.Debug|Any CPU.ActiveCfg = Debug|Any CPU
		{A1BE9F39-3F50-44A3-8369-2CAAC7FC3E37}.Debug|Any CPU.Build.0 = Debug|Any CPU
		{A1BE9F39-3F50-44A3-8369-2CAAC7FC3E37}.Debug|x64.ActiveCfg = Debug|Any CPU
		{A1BE9F39-3F50-44A3-8369-2CAAC7FC3E37}.Debug|x64.Build.0 = Debug|Any CPU
		{A1BE9F39-3F50-44A3-8369-2CAAC7FC3E37}.Debug|x86.ActiveCfg = Debug|Any CPU
		{A1BE9F39-3F50-44A3-8369-2CAAC7FC3E37}.Debug|x86.Build.0 = Debug|Any CPU
		{A1BE9F39-3F50-44A3-8369-2CAAC7FC3E37}.Release|Any CPU.ActiveCfg = Release|Any CPU
		{A1BE9F39-3F50-44A3-8369-2CAAC7FC3E37}.Release|Any CPU.Build.0 = Release|Any CPU
		{A1BE9F39-3F50-44A3-8369-2CAAC7FC3E37}.Release|x64.ActiveCfg = Release|Any CPU
		{A1BE9F39-3F50-44A3-8369-2CAAC7FC3E37}.Release|x64.Build.0 = Release|Any CPU
		{A1BE9F39-3F50-44A3-8369-2CAAC7FC3E37}.Release|x86.ActiveCfg = Release|Any CPU
		{A1BE9F39-3F50-44A3-8369-2CAAC7FC3E37}.Release|x86.Build.0 = Release|Any CPU
	EndGlobalSection
	GlobalSection(SolutionProperties) = preSolution
		HideSolutionNode = FALSE
	EndGlobalSection
	GlobalSection(ExtensibilityGlobals) = postSolution
		SolutionGuid = {2A0DF49A-9E4E-412E-8FF8-4297CC716676}
	EndGlobalSection
EndGlobal
