
Microsoft Visual Studio Solution File, Format Version 12.00
# Visual Studio Version 16
VisualStudioVersion = 16.0.29001.49
MinimumVisualStudioVersion = 10.0.40219.1
Project("{9A19103F-16F7-4668-BE54-9A1E7A4F7556}") = "Propeus.Modulo.IL.Teste", "Propeus.Modulo.IL.Teste\Propeus.Modulo.IL.Teste.csproj", "{6C67997D-C0E5-4611-ADB3-7BD3EEC8DDA5}"
EndProject
Project("{9A19103F-16F7-4668-BE54-9A1E7A4F7556}") = "Propeus.Modulo.IL", "Propeus.Modulo.IL\Propeus.Modulo.IL.csproj", "{219ECBBE-4242-4F10-A9FA-DB1B4688BC8E}"
EndProject
Project("{FAE04EC0-301F-11D3-BF4B-00C04F79EFBC}") = "Propeus.Modulo.IL.Playground", "Propeus.Modulo.IL.Playground\Propeus.Modulo.IL.Playground.csproj", "{34253A3D-6E1E-44F1-8C2C-46AD9065AEB8}"
EndProject
Global
	GlobalSection(SolutionConfigurationPlatforms) = preSolution
		Debug|Any CPU = Debug|Any CPU
		Release|Any CPU = Release|Any CPU
	EndGlobalSection
	GlobalSection(ProjectConfigurationPlatforms) = postSolution
		{6C67997D-C0E5-4611-ADB3-7BD3EEC8DDA5}.Debug|Any CPU.ActiveCfg = Debug|Any CPU
		{6C67997D-C0E5-4611-ADB3-7BD3EEC8DDA5}.Debug|Any CPU.Build.0 = Debug|Any CPU
		{6C67997D-C0E5-4611-ADB3-7BD3EEC8DDA5}.Release|Any CPU.ActiveCfg = Release|Any CPU
		{6C67997D-C0E5-4611-ADB3-7BD3EEC8DDA5}.Release|Any CPU.Build.0 = Release|Any CPU
		{219ECBBE-4242-4F10-A9FA-DB1B4688BC8E}.Debug|Any CPU.ActiveCfg = Debug|Any CPU
		{219ECBBE-4242-4F10-A9FA-DB1B4688BC8E}.Debug|Any CPU.Build.0 = Debug|Any CPU
		{219ECBBE-4242-4F10-A9FA-DB1B4688BC8E}.Release|Any CPU.ActiveCfg = Release|Any CPU
		{219ECBBE-4242-4F10-A9FA-DB1B4688BC8E}.Release|Any CPU.Build.0 = Release|Any CPU
		{34253A3D-6E1E-44F1-8C2C-46AD9065AEB8}.Debug|Any CPU.ActiveCfg = Debug|Any CPU
		{34253A3D-6E1E-44F1-8C2C-46AD9065AEB8}.Debug|Any CPU.Build.0 = Debug|Any CPU
		{34253A3D-6E1E-44F1-8C2C-46AD9065AEB8}.Release|Any CPU.ActiveCfg = Release|Any CPU
		{34253A3D-6E1E-44F1-8C2C-46AD9065AEB8}.Release|Any CPU.Build.0 = Release|Any CPU
	EndGlobalSection
	GlobalSection(SolutionProperties) = preSolution
		HideSolutionNode = FALSE
	EndGlobalSection
	GlobalSection(ExtensibilityGlobals) = postSolution
		SolutionGuid = {4D86F935-DE09-44F9-B653-4CE2BF9C1B04}
	EndGlobalSection
EndGlobal
