
Microsoft Visual Studio Solution File, Format Version 12.00
# Visual Studio Version 16
VisualStudioVersion = 16.0.28917.182
MinimumVisualStudioVersion = 10.0.40219.1
Project("{9A19103F-16F7-4668-BE54-9A1E7A4F7556}") = "Propeus.Modulo.Util.Teste", "Propeus.Modulo.Util.Teste\Propeus.Modulo.Util.Teste.csproj", "{1C68F1A5-8127-4FD0-8817-9C20F4F3E3AD}"
EndProject
Project("{9A19103F-16F7-4668-BE54-9A1E7A4F7556}") = "Propeus.Modulo.Util", "Propeus.Modulo.Util\Propeus.Modulo.Util.csproj", "{7CEDE5FB-E931-47FA-AA08-80040A7085F8}"
EndProject
Global
	GlobalSection(SolutionConfigurationPlatforms) = preSolution
		Debug|Any CPU = Debug|Any CPU
		Release|Any CPU = Release|Any CPU
	EndGlobalSection
	GlobalSection(ProjectConfigurationPlatforms) = postSolution
		{1C68F1A5-8127-4FD0-8817-9C20F4F3E3AD}.Debug|Any CPU.ActiveCfg = Debug|Any CPU
		{1C68F1A5-8127-4FD0-8817-9C20F4F3E3AD}.Debug|Any CPU.Build.0 = Debug|Any CPU
		{1C68F1A5-8127-4FD0-8817-9C20F4F3E3AD}.Release|Any CPU.ActiveCfg = Release|Any CPU
		{1C68F1A5-8127-4FD0-8817-9C20F4F3E3AD}.Release|Any CPU.Build.0 = Release|Any CPU
		{7CEDE5FB-E931-47FA-AA08-80040A7085F8}.Debug|Any CPU.ActiveCfg = Debug|Any CPU
		{7CEDE5FB-E931-47FA-AA08-80040A7085F8}.Debug|Any CPU.Build.0 = Debug|Any CPU
		{7CEDE5FB-E931-47FA-AA08-80040A7085F8}.Release|Any CPU.ActiveCfg = Release|Any CPU
		{7CEDE5FB-E931-47FA-AA08-80040A7085F8}.Release|Any CPU.Build.0 = Release|Any CPU
	EndGlobalSection
	GlobalSection(SolutionProperties) = preSolution
		HideSolutionNode = FALSE
	EndGlobalSection
	GlobalSection(ExtensibilityGlobals) = postSolution
		SolutionGuid = {472CC266-3059-4245-8D8F-14B98E1D5571}
	EndGlobalSection
EndGlobal
