
Microsoft Visual Studio Solution File, Format Version 12.00
# Visual Studio Version 16
VisualStudioVersion = 16.0.29521.150
MinimumVisualStudioVersion = 10.0.40219.1
Project("{FAE04EC0-301F-11D3-BF4B-00C04F79EFBC}") = "Propeus.Modulo.Console", "Propeus.Modulo.Console\Propeus.Modulo.Console.csproj", "{DDCB5045-9C20-49AC-8747-8A66EB30C5AE}"
EndProject
Global
	GlobalSection(SolutionConfigurationPlatforms) = preSolution
		Debug|Any CPU = Debug|Any CPU
		Release|Any CPU = Release|Any CPU
	EndGlobalSection
	GlobalSection(ProjectConfigurationPlatforms) = postSolution
		{DDCB5045-9C20-49AC-8747-8A66EB30C5AE}.Debug|Any CPU.ActiveCfg = Debug|Any CPU
		{DDCB5045-9C20-49AC-8747-8A66EB30C5AE}.Debug|Any CPU.Build.0 = Debug|Any CPU
		{DDCB5045-9C20-49AC-8747-8A66EB30C5AE}.Release|Any CPU.ActiveCfg = Release|Any CPU
		{DDCB5045-9C20-49AC-8747-8A66EB30C5AE}.Release|Any CPU.Build.0 = Release|Any CPU
	EndGlobalSection
	GlobalSection(SolutionProperties) = preSolution
		HideSolutionNode = FALSE
	EndGlobalSection
	GlobalSection(ExtensibilityGlobals) = postSolution
		SolutionGuid = {D88682CA-AEDD-43FA-B1C9-5D0DF6EEC479}
	EndGlobalSection
EndGlobal
