
Microsoft Visual Studio Solution File, Format Version 12.00
# Visual Studio Version 16
VisualStudioVersion = 16.0.29021.104
MinimumVisualStudioVersion = 10.0.40219.1
Project("{9A19103F-16F7-4668-BE54-9A1E7A4F7556}") = "Propeus.Modulo.Dinamico", "Propeus.Modulo.Dinamico\Propeus.Modulo.Dinamico.csproj", "{C9546D29-9BBB-4531-85AB-468223A91D7A}"
EndProject
Project("{9A19103F-16F7-4668-BE54-9A1E7A4F7556}") = "Propeus.Modulo.Dinamico.Console", "Propeus.Modulo.Dinamico.Console\Propeus.Modulo.Dinamico.Console.csproj", "{D416F651-4767-44DC-AE60-7B05E32FFD6F}"
EndProject
Project("{9A19103F-16F7-4668-BE54-9A1E7A4F7556}") = "Propeus.Modulo.Dinamico.Teste", "Propeus.Modulo.Dinamico.Teste\Propeus.Modulo.Dinamico.Teste.csproj", "{440FC210-A3FA-4DD9-8DDE-D50DD5A7148F}"
EndProject
Project("{9A19103F-16F7-4668-BE54-9A1E7A4F7556}") = "Propeus.Modulo.Dinamico.Teste.Modulo", "Propeus.Modulo.Dinamico.Teste.Modulo\Propeus.Modulo.Dinamico.Teste.Modulo.csproj", "{4C5D6705-8133-4396-8EF6-F4C251D3802C}"
EndProject
Global
	GlobalSection(SolutionConfigurationPlatforms) = preSolution
		Debug|Any CPU = Debug|Any CPU
		Debug|x64 = Debug|x64
		Debug|x86 = Debug|x86
		Release|Any CPU = Release|Any CPU
		Release|x64 = Release|x64
		Release|x86 = Release|x86
	EndGlobalSection
	GlobalSection(ProjectConfigurationPlatforms) = postSolution
		{C9546D29-9BBB-4531-85AB-468223A91D7A}.Debug|Any CPU.ActiveCfg = Debug|Any CPU
		{C9546D29-9BBB-4531-85AB-468223A91D7A}.Debug|Any CPU.Build.0 = Debug|Any CPU
		{C9546D29-9BBB-4531-85AB-468223A91D7A}.Debug|x64.ActiveCfg = Debug|x64
		{C9546D29-9BBB-4531-85AB-468223A91D7A}.Debug|x64.Build.0 = Debug|x64
		{C9546D29-9BBB-4531-85AB-468223A91D7A}.Debug|x86.ActiveCfg = Debug|x86
		{C9546D29-9BBB-4531-85AB-468223A91D7A}.Debug|x86.Build.0 = Debug|x86
		{C9546D29-9BBB-4531-85AB-468223A91D7A}.Release|Any CPU.ActiveCfg = Release|Any CPU
		{C9546D29-9BBB-4531-85AB-468223A91D7A}.Release|Any CPU.Build.0 = Release|Any CPU
		{C9546D29-9BBB-4531-85AB-468223A91D7A}.Release|x64.ActiveCfg = Release|x64
		{C9546D29-9BBB-4531-85AB-468223A91D7A}.Release|x64.Build.0 = Release|x64
		{C9546D29-9BBB-4531-85AB-468223A91D7A}.Release|x86.ActiveCfg = Release|x86
		{C9546D29-9BBB-4531-85AB-468223A91D7A}.Release|x86.Build.0 = Release|x86
		{D416F651-4767-44DC-AE60-7B05E32FFD6F}.Debug|Any CPU.ActiveCfg = Debug|Any CPU
		{D416F651-4767-44DC-AE60-7B05E32FFD6F}.Debug|Any CPU.Build.0 = Debug|Any CPU
		{D416F651-4767-44DC-AE60-7B05E32FFD6F}.Debug|x64.ActiveCfg = Debug|x64
		{D416F651-4767-44DC-AE60-7B05E32FFD6F}.Debug|x64.Build.0 = Debug|x64
		{D416F651-4767-44DC-AE60-7B05E32FFD6F}.Debug|x86.ActiveCfg = Debug|x86
		{D416F651-4767-44DC-AE60-7B05E32FFD6F}.Debug|x86.Build.0 = Debug|x86
		{D416F651-4767-44DC-AE60-7B05E32FFD6F}.Release|Any CPU.ActiveCfg = Release|Any CPU
		{D416F651-4767-44DC-AE60-7B05E32FFD6F}.Release|Any CPU.Build.0 = Release|Any CPU
		{D416F651-4767-44DC-AE60-7B05E32FFD6F}.Release|x64.ActiveCfg = Release|x64
		{D416F651-4767-44DC-AE60-7B05E32FFD6F}.Release|x64.Build.0 = Release|x64
		{D416F651-4767-44DC-AE60-7B05E32FFD6F}.Release|x86.ActiveCfg = Release|x86
		{D416F651-4767-44DC-AE60-7B05E32FFD6F}.Release|x86.Build.0 = Release|x86
		{440FC210-A3FA-4DD9-8DDE-D50DD5A7148F}.Debug|Any CPU.ActiveCfg = Debug|Any CPU
		{440FC210-A3FA-4DD9-8DDE-D50DD5A7148F}.Debug|Any CPU.Build.0 = Debug|Any CPU
		{440FC210-A3FA-4DD9-8DDE-D50DD5A7148F}.Debug|x64.ActiveCfg = Debug|x64
		{440FC210-A3FA-4DD9-8DDE-D50DD5A7148F}.Debug|x64.Build.0 = Debug|x64
		{440FC210-A3FA-4DD9-8DDE-D50DD5A7148F}.Debug|x86.ActiveCfg = Debug|x86
		{440FC210-A3FA-4DD9-8DDE-D50DD5A7148F}.Debug|x86.Build.0 = Debug|x86
		{440FC210-A3FA-4DD9-8DDE-D50DD5A7148F}.Release|Any CPU.ActiveCfg = Release|Any CPU
		{440FC210-A3FA-4DD9-8DDE-D50DD5A7148F}.Release|Any CPU.Build.0 = Release|Any CPU
		{440FC210-A3FA-4DD9-8DDE-D50DD5A7148F}.Release|x64.ActiveCfg = Release|x64
		{440FC210-A3FA-4DD9-8DDE-D50DD5A7148F}.Release|x64.Build.0 = Release|x64
		{440FC210-A3FA-4DD9-8DDE-D50DD5A7148F}.Release|x86.ActiveCfg = Release|x86
		{440FC210-A3FA-4DD9-8DDE-D50DD5A7148F}.Release|x86.Build.0 = Release|x86
		{4C5D6705-8133-4396-8EF6-F4C251D3802C}.Debug|Any CPU.ActiveCfg = Debug|Any CPU
		{4C5D6705-8133-4396-8EF6-F4C251D3802C}.Debug|Any CPU.Build.0 = Debug|Any CPU
		{4C5D6705-8133-4396-8EF6-F4C251D3802C}.Debug|x64.ActiveCfg = Debug|x64
		{4C5D6705-8133-4396-8EF6-F4C251D3802C}.Debug|x64.Build.0 = Debug|x64
		{4C5D6705-8133-4396-8EF6-F4C251D3802C}.Debug|x86.ActiveCfg = Debug|x86
		{4C5D6705-8133-4396-8EF6-F4C251D3802C}.Debug|x86.Build.0 = Debug|x86
		{4C5D6705-8133-4396-8EF6-F4C251D3802C}.Release|Any CPU.ActiveCfg = Release|Any CPU
		{4C5D6705-8133-4396-8EF6-F4C251D3802C}.Release|Any CPU.Build.0 = Release|Any CPU
		{4C5D6705-8133-4396-8EF6-F4C251D3802C}.Release|x64.ActiveCfg = Release|x64
		{4C5D6705-8133-4396-8EF6-F4C251D3802C}.Release|x64.Build.0 = Release|x64
		{4C5D6705-8133-4396-8EF6-F4C251D3802C}.Release|x86.ActiveCfg = Release|x86
		{4C5D6705-8133-4396-8EF6-F4C251D3802C}.Release|x86.Build.0 = Release|x86
	EndGlobalSection
	GlobalSection(SolutionProperties) = preSolution
		HideSolutionNode = FALSE
	EndGlobalSection
	GlobalSection(ExtensibilityGlobals) = postSolution
		SolutionGuid = {A0165D7F-A665-4D06-BD5A-5BF6D3E0C849}
	EndGlobalSection
EndGlobal
