
Microsoft Visual Studio Solution File, Format Version 12.00
# Visual Studio Version 17
VisualStudioVersion = 17.4.33122.133
MinimumVisualStudioVersion = 10.0.40219.1
Project("{9A19103F-16F7-4668-BE54-9A1E7A4F7556}") = "Propeus.Modulo.IL", "Propeus.Modulo.IL\Propeus.Modulo.IL.csproj", "{07BF7A11-C805-4ECD-BC3D-2F770114AA48}"
EndProject
Project("{9A19103F-16F7-4668-BE54-9A1E7A4F7556}") = "Propeus.Modulo.ILTests", "Propeus.Modulo.ILTests\Propeus.Modulo.ILTests.csproj", "{66E484A0-16C2-47D3-A8AA-5302DDE88C7E}"
EndProject
Project("{9A19103F-16F7-4668-BE54-9A1E7A4F7556}") = "Propeus.Modulo.Abstrato", "Propeus.Modulo.Abstrato\Propeus.Modulo.Abstrato.csproj", "{1A4DE85A-AE42-41D9-AA09-ED033D4BFAF4}"
EndProject
Project("{9A19103F-16F7-4668-BE54-9A1E7A4F7556}") = "Propeus.Modulo.Core", "Propeus.Modulo.Core\Propeus.Modulo.Core.csproj", "{43481C08-20B4-4E15-809E-1674366E3374}"
EndProject
Project("{9A19103F-16F7-4668-BE54-9A1E7A4F7556}") = "Propeus.Modulo.Console", "Propeus.Modulo.Console\Propeus.Modulo.Console.csproj", "{2EBAC759-F3E8-4D3A-9581-3D2B3BFE595D}"
EndProject
Project("{9A19103F-16F7-4668-BE54-9A1E7A4F7556}") = "Propeus.Modulo.Playground", "Propeus.Modulo.Playground\Propeus.Modulo.Playground.csproj", "{1A1704CE-4CCF-4F26-9DE3-8B0A4407DED6}"
EndProject
Project("{9A19103F-16F7-4668-BE54-9A1E7A4F7556}") = "Propeus.Modulo.Util", "Propeus.Modulo.Util\Propeus.Modulo.Util.csproj", "{2B60AD69-519C-46C2-A897-961D1748BC36}"
EndProject
Project("{2150E333-8FDC-42A3-9474-1A3956D46DE8}") = "tests", "tests", "{F3158107-9AB3-45C9-BADE-08C75E2F164C}"
EndProject
Project("{9A19103F-16F7-4668-BE54-9A1E7A4F7556}") = "Propeus.Modulo.CoreTests", "..\tests\Propeus.Modulo.CoreTests\Propeus.Modulo.CoreTests.csproj", "{4D7890BD-100B-4B84-8C08-46F08654A29D}"
EndProject
Project("{9A19103F-16F7-4668-BE54-9A1E7A4F7556}") = "Propeus.Modulo.DinamicoTests", "..\tests\Propeus.Modulo.DinamicoTests\Propeus.Modulo.DinamicoTests.csproj", "{8F69A537-6EA6-4E71-BCA0-2ABC7525C8D2}"
EndProject
Project("{9A19103F-16F7-4668-BE54-9A1E7A4F7556}") = "Propeus.Modulo.DinamicoTests.ModuloSoma", "..\tests\Propeus.Modulo.DinamicoTests.ModuloSoma\Propeus.Modulo.DinamicoTests.ModuloSoma.csproj", "{B99A914C-79B5-4B12-B278-A68EC36323EC}"
EndProject
Project("{9A19103F-16F7-4668-BE54-9A1E7A4F7556}") = "Propeus.Modulo.WorkerServiceTests", "..\tests\Propeus.Modulo.WorkerServiceTests\Propeus.Modulo.WorkerServiceTests.csproj", "{C9D29414-305E-4BE4-A63A-B283A8FB8CA2}"
EndProject
Project("{9A19103F-16F7-4668-BE54-9A1E7A4F7556}") = "Propeus.Modulo.WorkerService", "Propeus.Modulo.WorkerService\Propeus.Modulo.WorkerService.csproj", "{E6B23611-9E79-4146-9336-259BA34D1FC2}"
EndProject
Project("{9A19103F-16F7-4668-BE54-9A1E7A4F7556}") = "Propeus.Modulo.Dinamico", "Propeus.Modulo.Dinamico\Propeus.Modulo.Dinamico.csproj", "{17FF1ADE-18D7-45F0-B990-66EF7A8681BD}"
EndProject
Global
	GlobalSection(SolutionConfigurationPlatforms) = preSolution
		Debug|Any CPU = Debug|Any CPU
		Debug|x64 = Debug|x64
		Debug|x86 = Debug|x86
		Release|Any CPU = Release|Any CPU
		Release|x64 = Release|x64
		Release|x86 = Release|x86
	EndGlobalSection
	GlobalSection(ProjectConfigurationPlatforms) = postSolution
		{07BF7A11-C805-4ECD-BC3D-2F770114AA48}.Debug|Any CPU.ActiveCfg = Debug|Any CPU
		{07BF7A11-C805-4ECD-BC3D-2F770114AA48}.Debug|Any CPU.Build.0 = Debug|Any CPU
		{07BF7A11-C805-4ECD-BC3D-2F770114AA48}.Debug|x64.ActiveCfg = Debug|Any CPU
		{07BF7A11-C805-4ECD-BC3D-2F770114AA48}.Debug|x64.Build.0 = Debug|Any CPU
		{07BF7A11-C805-4ECD-BC3D-2F770114AA48}.Debug|x86.ActiveCfg = Debug|Any CPU
		{07BF7A11-C805-4ECD-BC3D-2F770114AA48}.Debug|x86.Build.0 = Debug|Any CPU
		{07BF7A11-C805-4ECD-BC3D-2F770114AA48}.Release|Any CPU.ActiveCfg = Release|Any CPU
		{07BF7A11-C805-4ECD-BC3D-2F770114AA48}.Release|Any CPU.Build.0 = Release|Any CPU
		{07BF7A11-C805-4ECD-BC3D-2F770114AA48}.Release|x64.ActiveCfg = Release|Any CPU
		{07BF7A11-C805-4ECD-BC3D-2F770114AA48}.Release|x64.Build.0 = Release|Any CPU
		{07BF7A11-C805-4ECD-BC3D-2F770114AA48}.Release|x86.ActiveCfg = Release|Any CPU
		{07BF7A11-C805-4ECD-BC3D-2F770114AA48}.Release|x86.Build.0 = Release|Any CPU
		{66E484A0-16C2-47D3-A8AA-5302DDE88C7E}.Debug|Any CPU.ActiveCfg = Debug|Any CPU
		{66E484A0-16C2-47D3-A8AA-5302DDE88C7E}.Debug|Any CPU.Build.0 = Debug|Any CPU
		{66E484A0-16C2-47D3-A8AA-5302DDE88C7E}.Debug|x64.ActiveCfg = Debug|Any CPU
		{66E484A0-16C2-47D3-A8AA-5302DDE88C7E}.Debug|x64.Build.0 = Debug|Any CPU
		{66E484A0-16C2-47D3-A8AA-5302DDE88C7E}.Debug|x86.ActiveCfg = Debug|Any CPU
		{66E484A0-16C2-47D3-A8AA-5302DDE88C7E}.Debug|x86.Build.0 = Debug|Any CPU
		{66E484A0-16C2-47D3-A8AA-5302DDE88C7E}.Release|Any CPU.ActiveCfg = Release|Any CPU
		{66E484A0-16C2-47D3-A8AA-5302DDE88C7E}.Release|Any CPU.Build.0 = Release|Any CPU
		{66E484A0-16C2-47D3-A8AA-5302DDE88C7E}.Release|x64.ActiveCfg = Release|Any CPU
		{66E484A0-16C2-47D3-A8AA-5302DDE88C7E}.Release|x64.Build.0 = Release|Any CPU
		{66E484A0-16C2-47D3-A8AA-5302DDE88C7E}.Release|x86.ActiveCfg = Release|Any CPU
		{66E484A0-16C2-47D3-A8AA-5302DDE88C7E}.Release|x86.Build.0 = Release|Any CPU
		{1A4DE85A-AE42-41D9-AA09-ED033D4BFAF4}.Debug|Any CPU.ActiveCfg = Debug|Any CPU
		{1A4DE85A-AE42-41D9-AA09-ED033D4BFAF4}.Debug|Any CPU.Build.0 = Debug|Any CPU
		{1A4DE85A-AE42-41D9-AA09-ED033D4BFAF4}.Debug|x64.ActiveCfg = Debug|Any CPU
		{1A4DE85A-AE42-41D9-AA09-ED033D4BFAF4}.Debug|x64.Build.0 = Debug|Any CPU
		{1A4DE85A-AE42-41D9-AA09-ED033D4BFAF4}.Debug|x86.ActiveCfg = Debug|Any CPU
		{1A4DE85A-AE42-41D9-AA09-ED033D4BFAF4}.Debug|x86.Build.0 = Debug|Any CPU
		{1A4DE85A-AE42-41D9-AA09-ED033D4BFAF4}.Release|Any CPU.ActiveCfg = Release|Any CPU
		{1A4DE85A-AE42-41D9-AA09-ED033D4BFAF4}.Release|Any CPU.Build.0 = Release|Any CPU
		{1A4DE85A-AE42-41D9-AA09-ED033D4BFAF4}.Release|x64.ActiveCfg = Release|Any CPU
		{1A4DE85A-AE42-41D9-AA09-ED033D4BFAF4}.Release|x64.Build.0 = Release|Any CPU
		{1A4DE85A-AE42-41D9-AA09-ED033D4BFAF4}.Release|x86.ActiveCfg = Release|Any CPU
		{1A4DE85A-AE42-41D9-AA09-ED033D4BFAF4}.Release|x86.Build.0 = Release|Any CPU
		{43481C08-20B4-4E15-809E-1674366E3374}.Debug|Any CPU.ActiveCfg = Debug|Any CPU
		{43481C08-20B4-4E15-809E-1674366E3374}.Debug|Any CPU.Build.0 = Debug|Any CPU
		{43481C08-20B4-4E15-809E-1674366E3374}.Debug|x64.ActiveCfg = Debug|Any CPU
		{43481C08-20B4-4E15-809E-1674366E3374}.Debug|x64.Build.0 = Debug|Any CPU
		{43481C08-20B4-4E15-809E-1674366E3374}.Debug|x86.ActiveCfg = Debug|Any CPU
		{43481C08-20B4-4E15-809E-1674366E3374}.Debug|x86.Build.0 = Debug|Any CPU
		{43481C08-20B4-4E15-809E-1674366E3374}.Release|Any CPU.ActiveCfg = Release|Any CPU
		{43481C08-20B4-4E15-809E-1674366E3374}.Release|Any CPU.Build.0 = Release|Any CPU
		{43481C08-20B4-4E15-809E-1674366E3374}.Release|x64.ActiveCfg = Release|Any CPU
		{43481C08-20B4-4E15-809E-1674366E3374}.Release|x64.Build.0 = Release|Any CPU
		{43481C08-20B4-4E15-809E-1674366E3374}.Release|x86.ActiveCfg = Release|Any CPU
		{43481C08-20B4-4E15-809E-1674366E3374}.Release|x86.Build.0 = Release|Any CPU
		{2EBAC759-F3E8-4D3A-9581-3D2B3BFE595D}.Debug|Any CPU.ActiveCfg = Debug|Any CPU
		{2EBAC759-F3E8-4D3A-9581-3D2B3BFE595D}.Debug|Any CPU.Build.0 = Debug|Any CPU
		{2EBAC759-F3E8-4D3A-9581-3D2B3BFE595D}.Debug|x64.ActiveCfg = Debug|Any CPU
		{2EBAC759-F3E8-4D3A-9581-3D2B3BFE595D}.Debug|x64.Build.0 = Debug|Any CPU
		{2EBAC759-F3E8-4D3A-9581-3D2B3BFE595D}.Debug|x86.ActiveCfg = Debug|Any CPU
		{2EBAC759-F3E8-4D3A-9581-3D2B3BFE595D}.Debug|x86.Build.0 = Debug|Any CPU
		{2EBAC759-F3E8-4D3A-9581-3D2B3BFE595D}.Release|Any CPU.ActiveCfg = Release|Any CPU
		{2EBAC759-F3E8-4D3A-9581-3D2B3BFE595D}.Release|Any CPU.Build.0 = Release|Any CPU
		{2EBAC759-F3E8-4D3A-9581-3D2B3BFE595D}.Release|x64.ActiveCfg = Release|Any CPU
		{2EBAC759-F3E8-4D3A-9581-3D2B3BFE595D}.Release|x64.Build.0 = Release|Any CPU
		{2EBAC759-F3E8-4D3A-9581-3D2B3BFE595D}.Release|x86.ActiveCfg = Release|Any CPU
		{2EBAC759-F3E8-4D3A-9581-3D2B3BFE595D}.Release|x86.Build.0 = Release|Any CPU
		{1A1704CE-4CCF-4F26-9DE3-8B0A4407DED6}.Debug|Any CPU.ActiveCfg = Debug|Any CPU
		{1A1704CE-4CCF-4F26-9DE3-8B0A4407DED6}.Debug|Any CPU.Build.0 = Debug|Any CPU
		{1A1704CE-4CCF-4F26-9DE3-8B0A4407DED6}.Debug|x64.ActiveCfg = Debug|Any CPU
		{1A1704CE-4CCF-4F26-9DE3-8B0A4407DED6}.Debug|x64.Build.0 = Debug|Any CPU
		{1A1704CE-4CCF-4F26-9DE3-8B0A4407DED6}.Debug|x86.ActiveCfg = Debug|Any CPU
		{1A1704CE-4CCF-4F26-9DE3-8B0A4407DED6}.Debug|x86.Build.0 = Debug|Any CPU
		{1A1704CE-4CCF-4F26-9DE3-8B0A4407DED6}.Release|Any CPU.ActiveCfg = Release|Any CPU
		{1A1704CE-4CCF-4F26-9DE3-8B0A4407DED6}.Release|Any CPU.Build.0 = Release|Any CPU
		{1A1704CE-4CCF-4F26-9DE3-8B0A4407DED6}.Release|x64.ActiveCfg = Release|Any CPU
		{1A1704CE-4CCF-4F26-9DE3-8B0A4407DED6}.Release|x64.Build.0 = Release|Any CPU
		{1A1704CE-4CCF-4F26-9DE3-8B0A4407DED6}.Release|x86.ActiveCfg = Release|Any CPU
		{1A1704CE-4CCF-4F26-9DE3-8B0A4407DED6}.Release|x86.Build.0 = Release|Any CPU
		{2B60AD69-519C-46C2-A897-961D1748BC36}.Debug|Any CPU.ActiveCfg = Debug|Any CPU
		{2B60AD69-519C-46C2-A897-961D1748BC36}.Debug|Any CPU.Build.0 = Debug|Any CPU
		{2B60AD69-519C-46C2-A897-961D1748BC36}.Debug|x64.ActiveCfg = Debug|Any CPU
		{2B60AD69-519C-46C2-A897-961D1748BC36}.Debug|x64.Build.0 = Debug|Any CPU
		{2B60AD69-519C-46C2-A897-961D1748BC36}.Debug|x86.ActiveCfg = Debug|Any CPU
		{2B60AD69-519C-46C2-A897-961D1748BC36}.Debug|x86.Build.0 = Debug|Any CPU
		{2B60AD69-519C-46C2-A897-961D1748BC36}.Release|Any CPU.ActiveCfg = Release|Any CPU
		{2B60AD69-519C-46C2-A897-961D1748BC36}.Release|Any CPU.Build.0 = Release|Any CPU
		{2B60AD69-519C-46C2-A897-961D1748BC36}.Release|x64.ActiveCfg = Release|Any CPU
		{2B60AD69-519C-46C2-A897-961D1748BC36}.Release|x64.Build.0 = Release|Any CPU
		{2B60AD69-519C-46C2-A897-961D1748BC36}.Release|x86.ActiveCfg = Release|Any CPU
		{2B60AD69-519C-46C2-A897-961D1748BC36}.Release|x86.Build.0 = Release|Any CPU
		{4D7890BD-100B-4B84-8C08-46F08654A29D}.Debug|Any CPU.ActiveCfg = Debug|Any CPU
		{4D7890BD-100B-4B84-8C08-46F08654A29D}.Debug|Any CPU.Build.0 = Debug|Any CPU
		{4D7890BD-100B-4B84-8C08-46F08654A29D}.Debug|x64.ActiveCfg = Debug|Any CPU
		{4D7890BD-100B-4B84-8C08-46F08654A29D}.Debug|x64.Build.0 = Debug|Any CPU
		{4D7890BD-100B-4B84-8C08-46F08654A29D}.Debug|x86.ActiveCfg = Debug|Any CPU
		{4D7890BD-100B-4B84-8C08-46F08654A29D}.Debug|x86.Build.0 = Debug|Any CPU
		{4D7890BD-100B-4B84-8C08-46F08654A29D}.Release|Any CPU.ActiveCfg = Release|Any CPU
		{4D7890BD-100B-4B84-8C08-46F08654A29D}.Release|Any CPU.Build.0 = Release|Any CPU
		{4D7890BD-100B-4B84-8C08-46F08654A29D}.Release|x64.ActiveCfg = Release|Any CPU
		{4D7890BD-100B-4B84-8C08-46F08654A29D}.Release|x64.Build.0 = Release|Any CPU
		{4D7890BD-100B-4B84-8C08-46F08654A29D}.Release|x86.ActiveCfg = Release|Any CPU
		{4D7890BD-100B-4B84-8C08-46F08654A29D}.Release|x86.Build.0 = Release|Any CPU
		{8F69A537-6EA6-4E71-BCA0-2ABC7525C8D2}.Debug|Any CPU.ActiveCfg = Debug|Any CPU
		{8F69A537-6EA6-4E71-BCA0-2ABC7525C8D2}.Debug|Any CPU.Build.0 = Debug|Any CPU
		{8F69A537-6EA6-4E71-BCA0-2ABC7525C8D2}.Debug|x64.ActiveCfg = Debug|Any CPU
		{8F69A537-6EA6-4E71-BCA0-2ABC7525C8D2}.Debug|x64.Build.0 = Debug|Any CPU
		{8F69A537-6EA6-4E71-BCA0-2ABC7525C8D2}.Debug|x86.ActiveCfg = Debug|Any CPU
		{8F69A537-6EA6-4E71-BCA0-2ABC7525C8D2}.Debug|x86.Build.0 = Debug|Any CPU
		{8F69A537-6EA6-4E71-BCA0-2ABC7525C8D2}.Release|Any CPU.ActiveCfg = Release|Any CPU
		{8F69A537-6EA6-4E71-BCA0-2ABC7525C8D2}.Release|Any CPU.Build.0 = Release|Any CPU
		{8F69A537-6EA6-4E71-BCA0-2ABC7525C8D2}.Release|x64.ActiveCfg = Release|Any CPU
		{8F69A537-6EA6-4E71-BCA0-2ABC7525C8D2}.Release|x64.Build.0 = Release|Any CPU
		{8F69A537-6EA6-4E71-BCA0-2ABC7525C8D2}.Release|x86.ActiveCfg = Release|Any CPU
		{8F69A537-6EA6-4E71-BCA0-2ABC7525C8D2}.Release|x86.Build.0 = Release|Any CPU
		{B99A914C-79B5-4B12-B278-A68EC36323EC}.Debug|Any CPU.ActiveCfg = Debug|Any CPU
		{B99A914C-79B5-4B12-B278-A68EC36323EC}.Debug|Any CPU.Build.0 = Debug|Any CPU
		{B99A914C-79B5-4B12-B278-A68EC36323EC}.Debug|x64.ActiveCfg = Debug|Any CPU
		{B99A914C-79B5-4B12-B278-A68EC36323EC}.Debug|x64.Build.0 = Debug|Any CPU
		{B99A914C-79B5-4B12-B278-A68EC36323EC}.Debug|x86.ActiveCfg = Debug|Any CPU
		{B99A914C-79B5-4B12-B278-A68EC36323EC}.Debug|x86.Build.0 = Debug|Any CPU
		{B99A914C-79B5-4B12-B278-A68EC36323EC}.Release|Any CPU.ActiveCfg = Release|Any CPU
		{B99A914C-79B5-4B12-B278-A68EC36323EC}.Release|Any CPU.Build.0 = Release|Any CPU
		{B99A914C-79B5-4B12-B278-A68EC36323EC}.Release|x64.ActiveCfg = Release|Any CPU
		{B99A914C-79B5-4B12-B278-A68EC36323EC}.Release|x64.Build.0 = Release|Any CPU
		{B99A914C-79B5-4B12-B278-A68EC36323EC}.Release|x86.ActiveCfg = Release|Any CPU
		{B99A914C-79B5-4B12-B278-A68EC36323EC}.Release|x86.Build.0 = Release|Any CPU
		{C9D29414-305E-4BE4-A63A-B283A8FB8CA2}.Debug|Any CPU.ActiveCfg = Debug|Any CPU
		{C9D29414-305E-4BE4-A63A-B283A8FB8CA2}.Debug|Any CPU.Build.0 = Debug|Any CPU
		{C9D29414-305E-4BE4-A63A-B283A8FB8CA2}.Debug|x64.ActiveCfg = Debug|Any CPU
		{C9D29414-305E-4BE4-A63A-B283A8FB8CA2}.Debug|x64.Build.0 = Debug|Any CPU
		{C9D29414-305E-4BE4-A63A-B283A8FB8CA2}.Debug|x86.ActiveCfg = Debug|Any CPU
		{C9D29414-305E-4BE4-A63A-B283A8FB8CA2}.Debug|x86.Build.0 = Debug|Any CPU
		{C9D29414-305E-4BE4-A63A-B283A8FB8CA2}.Release|Any CPU.ActiveCfg = Release|Any CPU
		{C9D29414-305E-4BE4-A63A-B283A8FB8CA2}.Release|Any CPU.Build.0 = Release|Any CPU
		{C9D29414-305E-4BE4-A63A-B283A8FB8CA2}.Release|x64.ActiveCfg = Release|Any CPU
		{C9D29414-305E-4BE4-A63A-B283A8FB8CA2}.Release|x64.Build.0 = Release|Any CPU
		{C9D29414-305E-4BE4-A63A-B283A8FB8CA2}.Release|x86.ActiveCfg = Release|Any CPU
		{C9D29414-305E-4BE4-A63A-B283A8FB8CA2}.Release|x86.Build.0 = Release|Any CPU
		{E6B23611-9E79-4146-9336-259BA34D1FC2}.Debug|Any CPU.ActiveCfg = Debug|Any CPU
		{E6B23611-9E79-4146-9336-259BA34D1FC2}.Debug|Any CPU.Build.0 = Debug|Any CPU
		{E6B23611-9E79-4146-9336-259BA34D1FC2}.Debug|x64.ActiveCfg = Debug|Any CPU
		{E6B23611-9E79-4146-9336-259BA34D1FC2}.Debug|x64.Build.0 = Debug|Any CPU
		{E6B23611-9E79-4146-9336-259BA34D1FC2}.Debug|x86.ActiveCfg = Debug|Any CPU
		{E6B23611-9E79-4146-9336-259BA34D1FC2}.Debug|x86.Build.0 = Debug|Any CPU
		{E6B23611-9E79-4146-9336-259BA34D1FC2}.Release|Any CPU.ActiveCfg = Release|Any CPU
		{E6B23611-9E79-4146-9336-259BA34D1FC2}.Release|Any CPU.Build.0 = Release|Any CPU
		{E6B23611-9E79-4146-9336-259BA34D1FC2}.Release|x64.ActiveCfg = Release|Any CPU
		{E6B23611-9E79-4146-9336-259BA34D1FC2}.Release|x64.Build.0 = Release|Any CPU
		{E6B23611-9E79-4146-9336-259BA34D1FC2}.Release|x86.ActiveCfg = Release|Any CPU
		{E6B23611-9E79-4146-9336-259BA34D1FC2}.Release|x86.Build.0 = Release|Any CPU
		{17FF1ADE-18D7-45F0-B990-66EF7A8681BD}.Debug|Any CPU.ActiveCfg = Debug|Any CPU
		{17FF1ADE-18D7-45F0-B990-66EF7A8681BD}.Debug|Any CPU.Build.0 = Debug|Any CPU
		{17FF1ADE-18D7-45F0-B990-66EF7A8681BD}.Debug|x64.ActiveCfg = Debug|Any CPU
		{17FF1ADE-18D7-45F0-B990-66EF7A8681BD}.Debug|x64.Build.0 = Debug|Any CPU
		{17FF1ADE-18D7-45F0-B990-66EF7A8681BD}.Debug|x86.ActiveCfg = Debug|Any CPU
		{17FF1ADE-18D7-45F0-B990-66EF7A8681BD}.Debug|x86.Build.0 = Debug|Any CPU
		{17FF1ADE-18D7-45F0-B990-66EF7A8681BD}.Release|Any CPU.ActiveCfg = Release|Any CPU
		{17FF1ADE-18D7-45F0-B990-66EF7A8681BD}.Release|Any CPU.Build.0 = Release|Any CPU
		{17FF1ADE-18D7-45F0-B990-66EF7A8681BD}.Release|x64.ActiveCfg = Release|Any CPU
		{17FF1ADE-18D7-45F0-B990-66EF7A8681BD}.Release|x64.Build.0 = Release|Any CPU
		{17FF1ADE-18D7-45F0-B990-66EF7A8681BD}.Release|x86.ActiveCfg = Release|Any CPU
		{17FF1ADE-18D7-45F0-B990-66EF7A8681BD}.Release|x86.Build.0 = Release|Any CPU
	EndGlobalSection
	GlobalSection(SolutionProperties) = preSolution
		HideSolutionNode = FALSE
	EndGlobalSection
	GlobalSection(NestedProjects) = preSolution
		{4D7890BD-100B-4B84-8C08-46F08654A29D} = {F3158107-9AB3-45C9-BADE-08C75E2F164C}
		{8F69A537-6EA6-4E71-BCA0-2ABC7525C8D2} = {F3158107-9AB3-45C9-BADE-08C75E2F164C}
		{B99A914C-79B5-4B12-B278-A68EC36323EC} = {F3158107-9AB3-45C9-BADE-08C75E2F164C}
		{C9D29414-305E-4BE4-A63A-B283A8FB8CA2} = {F3158107-9AB3-45C9-BADE-08C75E2F164C}
	EndGlobalSection
	GlobalSection(ExtensibilityGlobals) = postSolution
		SolutionGuid = {709E8BF4-605B-43D3-84C0-A0C0EC4E58C0}
	EndGlobalSection
EndGlobal
