
Microsoft Visual Studio Solution File, Format Version 12.00
# Visual Studio Version 17
VisualStudioVersion = 17.4.33122.133
MinimumVisualStudioVersion = 10.0.40219.1
Project("{2150E333-8FDC-42A3-9474-1A3956D46DE8}") = "tests", "tests", "{F3158107-9AB3-45C9-BADE-08C75E2F164C}"
EndProject
Project("{2150E333-8FDC-42A3-9474-1A3956D46DE8}") = "modules", "modules", "{70177D4E-0500-43FE-BE94-14C053D3AE90}"
EndProject
Project("{2150E333-8FDC-42A3-9474-1A3956D46DE8}") = "examples", "examples", "{B648346E-A6FF-42D9-B433-540A26000811}"
EndProject
Project("{2150E333-8FDC-42A3-9474-1A3956D46DE8}") = "docs", "docs", "{CB241CDA-7B9C-46BE-87B3-D645C2E14273}"
	ProjectSection(SolutionItems) = preProject
		..\docs\Gerenciadores.md = ..\docs\Gerenciadores.md
		..\docs\Inicio.md = ..\docs\Inicio.md
		..\docs\Modulo.md = ..\docs\Modulo.md
	EndProjectSection
EndProject
Project("{9A19103F-16F7-4668-BE54-9A1E7A4F7556}") = "Propeus.Modulo.Abstrato", "core\Propeus.Modulo.Abstrato\Propeus.Modulo.Abstrato.csproj", "{3179428F-B363-4EC8-A9BE-A51628EE6F12}"
EndProject
Project("{9A19103F-16F7-4668-BE54-9A1E7A4F7556}") = "Propeus.Modulo.Util", "core\Propeus.Modulo.Util\Propeus.Modulo.Util.csproj", "{5DA6D3F8-DD51-4C5E-804B-79532CE30371}"
EndProject
Project("{9A19103F-16F7-4668-BE54-9A1E7A4F7556}") = "Propeus.Modulo.IL.Core", "core\Propeus.Modulo.IL.Core\Propeus.Modulo.IL.Core.csproj", "{838AC310-CDE2-4565-B117-69032DC2EE61}"
EndProject
Project("{9A19103F-16F7-4668-BE54-9A1E7A4F7556}") = "Propeus.Modulo.Core", "core\Propeus.Modulo.Core\Propeus.Modulo.Core.csproj", "{B0898E88-3391-4165-8681-9E68C365E22E}"
EndProject
Project("{9A19103F-16F7-4668-BE54-9A1E7A4F7556}") = "Propeus.Modulo.Dinamico", "core\Propeus.Modulo.Dinamico\Propeus.Modulo.Dinamico.csproj", "{00118310-E7C1-4483-9DA2-8E03BF005C15}"
EndProject
Project("{9A19103F-16F7-4668-BE54-9A1E7A4F7556}") = "Propeus.Modulo.Console.Example", "..\examples\Propeus.Modulo.Console.Example\Propeus.Modulo.Console.Example.csproj", "{38ED0905-9F5E-417D-86D7-957F2AA554FF}"
EndProject
Project("{9A19103F-16F7-4668-BE54-9A1E7A4F7556}") = "Propeus.Modulo.Hosting.Example", "..\examples\Propeus.Modulo.Hosting.Example\Propeus.Modulo.Hosting.Example.csproj", "{C6B3F49D-F5C6-4ED2-9CBF-45E45B35CEDF}"
EndProject
Project("{9A19103F-16F7-4668-BE54-9A1E7A4F7556}") = "Propeus.Modulo.Hosting", "modules\Propeus.Modulo.Hosting\Propeus.Modulo.Hosting.csproj", "{4399E2D7-9E20-4E4C-9104-C3BFDD1AACB1}"
EndProject
Project("{9A19103F-16F7-4668-BE54-9A1E7A4F7556}") = "Propeus.Modulo.WorkerService.Example", "..\examples\Propeus.Modulo.WorkerService.Example\Propeus.Modulo.WorkerService.Example.csproj", "{F5A77FAC-74FC-4A5A-A4D5-BFB8E3625437}"
EndProject
Project("{9A19103F-16F7-4668-BE54-9A1E7A4F7556}") = "Propeus.Modulo.Hosting.Example.DLL", "..\examples\Propeus.Modulo.Hosting.Example.DLL\Propeus.Modulo.Hosting.Example.DLL.csproj", "{5A93EA49-800D-4DA9-AFC1-1A86A94D535F}"
EndProject
Project("{9A19103F-16F7-4668-BE54-9A1E7A4F7556}") = "Propeus.Modulo.WorkerService.Example.DLL", "..\examples\Propeus.Modulo.WorkerService.Example.DLL\Propeus.Modulo.WorkerService.Example.DLL.csproj", "{87AF22EB-F30C-4062-A602-CB08FEC1F0E6}"
EndProject
Project("{9A19103F-16F7-4668-BE54-9A1E7A4F7556}") = "Propeus.Modulo.WorkerService", "modules\Propeus.Modulo.WorkerService\Propeus.Modulo.WorkerService.csproj", "{D5D337CA-CED6-4520-B9C5-30852FFB97C3}"
EndProject
Project("{2150E333-8FDC-42A3-9474-1A3956D46DE8}") = "console", "console", "{DF2D91EF-D111-4344-9B9F-60A00F82220F}"
EndProject
Project("{2150E333-8FDC-42A3-9474-1A3956D46DE8}") = "web", "web", "{53F834CA-ECDB-4556-BBE7-936983724097}"
EndProject
Project("{2150E333-8FDC-42A3-9474-1A3956D46DE8}") = "worker service", "worker service", "{F69C69F0-46D8-4A2B-8638-0E28235BAFCC}"
EndProject
Project("{2150E333-8FDC-42A3-9474-1A3956D46DE8}") = "games", "games", "{56CED8E8-C2B9-4F72-822C-C331109C4A75}"
EndProject
Project("{9A19103F-16F7-4668-BE54-9A1E7A4F7556}") = "Propeus.Modulo.Console.Game.Pong.Example", "..\examples\Propeus.Modulo.Console.Game.Pong.Example\Propeus.Modulo.Console.Game.Pong.Example.csproj", "{A7C1EA1E-C8EB-4C0F-87CD-330FD2FEE631}"
EndProject
Project("{9A19103F-16F7-4668-BE54-9A1E7A4F7556}") = "Propeus.Modulo.Console.Game.Pong.Example.Data", "..\examples\Propeus.Modulo.Console.Game.Pong.Example.Data\Propeus.Modulo.Console.Game.Pong.Example.Data.csproj", "{820C9016-CB2E-4506-82DA-9D8060146609}"
EndProject
Project("{9A19103F-16F7-4668-BE54-9A1E7A4F7556}") = "Propeus.Modulo.CoreTests", "..\tests\Propeus.Modulo.CoreTests\Propeus.Modulo.CoreTests.csproj", "{1A90AB3A-7BC3-4664-9333-7F0722A35E0D}"
EndProject
Project("{9A19103F-16F7-4668-BE54-9A1E7A4F7556}") = "Propeus.Modulo.DinamicoTests", "..\tests\Propeus.Modulo.DinamicoTests\Propeus.Modulo.DinamicoTests.csproj", "{E26743C8-B112-42C5-A266-1985743B656E}"
EndProject
Project("{9A19103F-16F7-4668-BE54-9A1E7A4F7556}") = "Propeus.Modulo.DinamicoTests.ModuloSoma", "..\tests\Propeus.Modulo.DinamicoTests.ModuloSoma\Propeus.Modulo.DinamicoTests.ModuloSoma.csproj", "{99B1BBE5-7CC3-43EA-ABC9-528EAD94FC11}"
EndProject
Project("{9A19103F-16F7-4668-BE54-9A1E7A4F7556}") = "Propeus.Modulo.IL.CoreTests", "..\tests\Propeus.Modulo.IL.CoreTests\Propeus.Modulo.IL.CoreTests.csproj", "{D626C5BE-BEB9-406B-AF07-C30CB76C28A6}"
EndProject
Project("{9A19103F-16F7-4668-BE54-9A1E7A4F7556}") = "Propeus.Modulo.WorkerServiceTests", "..\tests\Propeus.Modulo.WorkerServiceTests\Propeus.Modulo.WorkerServiceTests.csproj", "{91FB481D-11FD-4C2F-B737-8FC91C457D95}"
EndProject
Project("{2150E333-8FDC-42A3-9474-1A3956D46DE8}") = "core", "core", "{D7211E49-7B32-4CFB-923E-0C656EF4E7D1}"
EndProject
Global
	GlobalSection(SolutionConfigurationPlatforms) = preSolution
		Debug|Any CPU = Debug|Any CPU
		Release|Any CPU = Release|Any CPU
	EndGlobalSection
	GlobalSection(ProjectConfigurationPlatforms) = postSolution
		{3179428F-B363-4EC8-A9BE-A51628EE6F12}.Debug|Any CPU.ActiveCfg = Debug|Any CPU
		{3179428F-B363-4EC8-A9BE-A51628EE6F12}.Debug|Any CPU.Build.0 = Debug|Any CPU
		{3179428F-B363-4EC8-A9BE-A51628EE6F12}.Release|Any CPU.ActiveCfg = Release|Any CPU
		{3179428F-B363-4EC8-A9BE-A51628EE6F12}.Release|Any CPU.Build.0 = Release|Any CPU
		{5DA6D3F8-DD51-4C5E-804B-79532CE30371}.Debug|Any CPU.ActiveCfg = Debug|Any CPU
		{5DA6D3F8-DD51-4C5E-804B-79532CE30371}.Debug|Any CPU.Build.0 = Debug|Any CPU
		{5DA6D3F8-DD51-4C5E-804B-79532CE30371}.Release|Any CPU.ActiveCfg = Release|Any CPU
		{5DA6D3F8-DD51-4C5E-804B-79532CE30371}.Release|Any CPU.Build.0 = Release|Any CPU
		{838AC310-CDE2-4565-B117-69032DC2EE61}.Debug|Any CPU.ActiveCfg = Debug|Any CPU
		{838AC310-CDE2-4565-B117-69032DC2EE61}.Debug|Any CPU.Build.0 = Debug|Any CPU
		{838AC310-CDE2-4565-B117-69032DC2EE61}.Release|Any CPU.ActiveCfg = Release|Any CPU
		{838AC310-CDE2-4565-B117-69032DC2EE61}.Release|Any CPU.Build.0 = Release|Any CPU
		{B0898E88-3391-4165-8681-9E68C365E22E}.Debug|Any CPU.ActiveCfg = Debug|Any CPU
		{B0898E88-3391-4165-8681-9E68C365E22E}.Debug|Any CPU.Build.0 = Debug|Any CPU
		{B0898E88-3391-4165-8681-9E68C365E22E}.Release|Any CPU.ActiveCfg = Release|Any CPU
		{B0898E88-3391-4165-8681-9E68C365E22E}.Release|Any CPU.Build.0 = Release|Any CPU
		{00118310-E7C1-4483-9DA2-8E03BF005C15}.Debug|Any CPU.ActiveCfg = Debug|Any CPU
		{00118310-E7C1-4483-9DA2-8E03BF005C15}.Debug|Any CPU.Build.0 = Debug|Any CPU
		{00118310-E7C1-4483-9DA2-8E03BF005C15}.Release|Any CPU.ActiveCfg = Release|Any CPU
		{00118310-E7C1-4483-9DA2-8E03BF005C15}.Release|Any CPU.Build.0 = Release|Any CPU
		{38ED0905-9F5E-417D-86D7-957F2AA554FF}.Debug|Any CPU.ActiveCfg = Debug|Any CPU
		{38ED0905-9F5E-417D-86D7-957F2AA554FF}.Debug|Any CPU.Build.0 = Debug|Any CPU
		{38ED0905-9F5E-417D-86D7-957F2AA554FF}.Release|Any CPU.ActiveCfg = Release|Any CPU
		{38ED0905-9F5E-417D-86D7-957F2AA554FF}.Release|Any CPU.Build.0 = Release|Any CPU
		{C6B3F49D-F5C6-4ED2-9CBF-45E45B35CEDF}.Debug|Any CPU.ActiveCfg = Debug|Any CPU
		{C6B3F49D-F5C6-4ED2-9CBF-45E45B35CEDF}.Debug|Any CPU.Build.0 = Debug|Any CPU
		{C6B3F49D-F5C6-4ED2-9CBF-45E45B35CEDF}.Release|Any CPU.ActiveCfg = Release|Any CPU
		{C6B3F49D-F5C6-4ED2-9CBF-45E45B35CEDF}.Release|Any CPU.Build.0 = Release|Any CPU
		{4399E2D7-9E20-4E4C-9104-C3BFDD1AACB1}.Debug|Any CPU.ActiveCfg = Debug|Any CPU
		{4399E2D7-9E20-4E4C-9104-C3BFDD1AACB1}.Debug|Any CPU.Build.0 = Debug|Any CPU
		{4399E2D7-9E20-4E4C-9104-C3BFDD1AACB1}.Release|Any CPU.ActiveCfg = Release|Any CPU
		{4399E2D7-9E20-4E4C-9104-C3BFDD1AACB1}.Release|Any CPU.Build.0 = Release|Any CPU
		{F5A77FAC-74FC-4A5A-A4D5-BFB8E3625437}.Debug|Any CPU.ActiveCfg = Debug|Any CPU
		{F5A77FAC-74FC-4A5A-A4D5-BFB8E3625437}.Debug|Any CPU.Build.0 = Debug|Any CPU
		{F5A77FAC-74FC-4A5A-A4D5-BFB8E3625437}.Release|Any CPU.ActiveCfg = Release|Any CPU
		{F5A77FAC-74FC-4A5A-A4D5-BFB8E3625437}.Release|Any CPU.Build.0 = Release|Any CPU
		{5A93EA49-800D-4DA9-AFC1-1A86A94D535F}.Debug|Any CPU.ActiveCfg = Debug|Any CPU
		{5A93EA49-800D-4DA9-AFC1-1A86A94D535F}.Debug|Any CPU.Build.0 = Debug|Any CPU
		{5A93EA49-800D-4DA9-AFC1-1A86A94D535F}.Release|Any CPU.ActiveCfg = Release|Any CPU
		{5A93EA49-800D-4DA9-AFC1-1A86A94D535F}.Release|Any CPU.Build.0 = Release|Any CPU
		{87AF22EB-F30C-4062-A602-CB08FEC1F0E6}.Debug|Any CPU.ActiveCfg = Debug|Any CPU
		{87AF22EB-F30C-4062-A602-CB08FEC1F0E6}.Debug|Any CPU.Build.0 = Debug|Any CPU
		{87AF22EB-F30C-4062-A602-CB08FEC1F0E6}.Release|Any CPU.ActiveCfg = Release|Any CPU
		{87AF22EB-F30C-4062-A602-CB08FEC1F0E6}.Release|Any CPU.Build.0 = Release|Any CPU
		{D5D337CA-CED6-4520-B9C5-30852FFB97C3}.Debug|Any CPU.ActiveCfg = Debug|Any CPU
		{D5D337CA-CED6-4520-B9C5-30852FFB97C3}.Debug|Any CPU.Build.0 = Debug|Any CPU
		{D5D337CA-CED6-4520-B9C5-30852FFB97C3}.Release|Any CPU.ActiveCfg = Release|Any CPU
		{D5D337CA-CED6-4520-B9C5-30852FFB97C3}.Release|Any CPU.Build.0 = Release|Any CPU
		{A7C1EA1E-C8EB-4C0F-87CD-330FD2FEE631}.Debug|Any CPU.ActiveCfg = Debug|Any CPU
		{A7C1EA1E-C8EB-4C0F-87CD-330FD2FEE631}.Debug|Any CPU.Build.0 = Debug|Any CPU
		{A7C1EA1E-C8EB-4C0F-87CD-330FD2FEE631}.Release|Any CPU.ActiveCfg = Release|Any CPU
		{A7C1EA1E-C8EB-4C0F-87CD-330FD2FEE631}.Release|Any CPU.Build.0 = Release|Any CPU
		{820C9016-CB2E-4506-82DA-9D8060146609}.Debug|Any CPU.ActiveCfg = Debug|Any CPU
		{820C9016-CB2E-4506-82DA-9D8060146609}.Debug|Any CPU.Build.0 = Debug|Any CPU
		{820C9016-CB2E-4506-82DA-9D8060146609}.Release|Any CPU.ActiveCfg = Release|Any CPU
		{820C9016-CB2E-4506-82DA-9D8060146609}.Release|Any CPU.Build.0 = Release|Any CPU
		{1A90AB3A-7BC3-4664-9333-7F0722A35E0D}.Debug|Any CPU.ActiveCfg = Debug|Any CPU
		{1A90AB3A-7BC3-4664-9333-7F0722A35E0D}.Debug|Any CPU.Build.0 = Debug|Any CPU
		{1A90AB3A-7BC3-4664-9333-7F0722A35E0D}.Release|Any CPU.ActiveCfg = Release|Any CPU
		{1A90AB3A-7BC3-4664-9333-7F0722A35E0D}.Release|Any CPU.Build.0 = Release|Any CPU
		{E26743C8-B112-42C5-A266-1985743B656E}.Debug|Any CPU.ActiveCfg = Debug|Any CPU
		{E26743C8-B112-42C5-A266-1985743B656E}.Debug|Any CPU.Build.0 = Debug|Any CPU
		{E26743C8-B112-42C5-A266-1985743B656E}.Release|Any CPU.ActiveCfg = Release|Any CPU
		{E26743C8-B112-42C5-A266-1985743B656E}.Release|Any CPU.Build.0 = Release|Any CPU
		{99B1BBE5-7CC3-43EA-ABC9-528EAD94FC11}.Debug|Any CPU.ActiveCfg = Debug|Any CPU
		{99B1BBE5-7CC3-43EA-ABC9-528EAD94FC11}.Debug|Any CPU.Build.0 = Debug|Any CPU
		{99B1BBE5-7CC3-43EA-ABC9-528EAD94FC11}.Release|Any CPU.ActiveCfg = Release|Any CPU
		{99B1BBE5-7CC3-43EA-ABC9-528EAD94FC11}.Release|Any CPU.Build.0 = Release|Any CPU
		{D626C5BE-BEB9-406B-AF07-C30CB76C28A6}.Debug|Any CPU.ActiveCfg = Debug|Any CPU
		{D626C5BE-BEB9-406B-AF07-C30CB76C28A6}.Debug|Any CPU.Build.0 = Debug|Any CPU
		{D626C5BE-BEB9-406B-AF07-C30CB76C28A6}.Release|Any CPU.ActiveCfg = Release|Any CPU
		{D626C5BE-BEB9-406B-AF07-C30CB76C28A6}.Release|Any CPU.Build.0 = Release|Any CPU
		{91FB481D-11FD-4C2F-B737-8FC91C457D95}.Debug|Any CPU.ActiveCfg = Debug|Any CPU
		{91FB481D-11FD-4C2F-B737-8FC91C457D95}.Debug|Any CPU.Build.0 = Debug|Any CPU
		{91FB481D-11FD-4C2F-B737-8FC91C457D95}.Release|Any CPU.ActiveCfg = Release|Any CPU
		{91FB481D-11FD-4C2F-B737-8FC91C457D95}.Release|Any CPU.Build.0 = Release|Any CPU
	EndGlobalSection
	GlobalSection(SolutionProperties) = preSolution
		HideSolutionNode = FALSE
	EndGlobalSection
	GlobalSection(NestedProjects) = preSolution
		{3179428F-B363-4EC8-A9BE-A51628EE6F12} = {D7211E49-7B32-4CFB-923E-0C656EF4E7D1}
		{5DA6D3F8-DD51-4C5E-804B-79532CE30371} = {D7211E49-7B32-4CFB-923E-0C656EF4E7D1}
		{838AC310-CDE2-4565-B117-69032DC2EE61} = {D7211E49-7B32-4CFB-923E-0C656EF4E7D1}
		{B0898E88-3391-4165-8681-9E68C365E22E} = {D7211E49-7B32-4CFB-923E-0C656EF4E7D1}
		{00118310-E7C1-4483-9DA2-8E03BF005C15} = {D7211E49-7B32-4CFB-923E-0C656EF4E7D1}
		{38ED0905-9F5E-417D-86D7-957F2AA554FF} = {DF2D91EF-D111-4344-9B9F-60A00F82220F}
		{C6B3F49D-F5C6-4ED2-9CBF-45E45B35CEDF} = {53F834CA-ECDB-4556-BBE7-936983724097}
		{4399E2D7-9E20-4E4C-9104-C3BFDD1AACB1} = {70177D4E-0500-43FE-BE94-14C053D3AE90}
		{F5A77FAC-74FC-4A5A-A4D5-BFB8E3625437} = {F69C69F0-46D8-4A2B-8638-0E28235BAFCC}
		{5A93EA49-800D-4DA9-AFC1-1A86A94D535F} = {53F834CA-ECDB-4556-BBE7-936983724097}
		{87AF22EB-F30C-4062-A602-CB08FEC1F0E6} = {F69C69F0-46D8-4A2B-8638-0E28235BAFCC}
		{D5D337CA-CED6-4520-B9C5-30852FFB97C3} = {70177D4E-0500-43FE-BE94-14C053D3AE90}
		{DF2D91EF-D111-4344-9B9F-60A00F82220F} = {B648346E-A6FF-42D9-B433-540A26000811}
		{53F834CA-ECDB-4556-BBE7-936983724097} = {B648346E-A6FF-42D9-B433-540A26000811}
		{F69C69F0-46D8-4A2B-8638-0E28235BAFCC} = {B648346E-A6FF-42D9-B433-540A26000811}
		{56CED8E8-C2B9-4F72-822C-C331109C4A75} = {B648346E-A6FF-42D9-B433-540A26000811}
		{A7C1EA1E-C8EB-4C0F-87CD-330FD2FEE631} = {56CED8E8-C2B9-4F72-822C-C331109C4A75}
		{820C9016-CB2E-4506-82DA-9D8060146609} = {56CED8E8-C2B9-4F72-822C-C331109C4A75}
		{1A90AB3A-7BC3-4664-9333-7F0722A35E0D} = {F3158107-9AB3-45C9-BADE-08C75E2F164C}
		{E26743C8-B112-42C5-A266-1985743B656E} = {F3158107-9AB3-45C9-BADE-08C75E2F164C}
		{99B1BBE5-7CC3-43EA-ABC9-528EAD94FC11} = {F3158107-9AB3-45C9-BADE-08C75E2F164C}
		{D626C5BE-BEB9-406B-AF07-C30CB76C28A6} = {F3158107-9AB3-45C9-BADE-08C75E2F164C}
		{91FB481D-11FD-4C2F-B737-8FC91C457D95} = {F3158107-9AB3-45C9-BADE-08C75E2F164C}
	EndGlobalSection
	GlobalSection(ExtensibilityGlobals) = postSolution
		SolutionGuid = {709E8BF4-605B-43D3-84C0-A0C0EC4E58C0}
	EndGlobalSection
EndGlobal
